
Microsoft Visual Studio Solution File, Format Version 12.00
# Visual Studio 15
VisualStudioVersion = 15.0.27703.2000
MinimumVisualStudioVersion = 10.0.40219.1
Project("{9A19103F-16F7-4668-BE54-9A1E7A4F7556}") = "test2Metanit", "test2Metanit.csproj", "{CE7870D6-7C64-4AAC-9F40-585632F67DB5}"
EndProject
Global
	GlobalSection(SolutionConfigurationPlatforms) = preSolution
		Debug|Any CPU = Debug|Any CPU
		Release|Any CPU = Release|Any CPU
	EndGlobalSection
	GlobalSection(ProjectConfigurationPlatforms) = postSolution
		{CE7870D6-7C64-4AAC-9F40-585632F67DB5}.Debug|Any CPU.ActiveCfg = Debug|Any CPU
		{CE7870D6-7C64-4AAC-9F40-585632F67DB5}.Debug|Any CPU.Build.0 = Debug|Any CPU
		{CE7870D6-7C64-4AAC-9F40-585632F67DB5}.Release|Any CPU.ActiveCfg = Release|Any CPU
		{CE7870D6-7C64-4AAC-9F40-585632F67DB5}.Release|Any CPU.Build.0 = Release|Any CPU
	EndGlobalSection
	GlobalSection(SolutionProperties) = preSolution
		HideSolutionNode = FALSE
	EndGlobalSection
	GlobalSection(ExtensibilityGlobals) = postSolution
		SolutionGuid = {CA787FA2-761E-4877-A943-CE06CB131FEB}
	EndGlobalSection
EndGlobal
